
Microsoft Visual Studio Solution File, Format Version 12.00
# Visual Studio 2013
VisualStudioVersion = 12.0.40629.0
MinimumVisualStudioVersion = 10.0.40219.1
Project("{FAE04EC0-301F-11D3-BF4B-00C04F79EFBC}") = "SysPec.App", "SysPec.App\SysPec.App.csproj", "{2FCEC392-144F-4BB5-B275-8D7666D8808E}"
EndProject
Project("{FAE04EC0-301F-11D3-BF4B-00C04F79EFBC}") = "SysPec.Data", "SysPec.Data\SysPec.Data.csproj", "{61932561-8A21-4EBC-B828-2D32CD94AFD2}"
EndProject
Global
	GlobalSection(SolutionConfigurationPlatforms) = preSolution
		Debug|Any CPU = Debug|Any CPU
		Release|Any CPU = Release|Any CPU
	EndGlobalSection
	GlobalSection(ProjectConfigurationPlatforms) = postSolution
		{2FCEC392-144F-4BB5-B275-8D7666D8808E}.Debug|Any CPU.ActiveCfg = Debug|Any CPU
		{2FCEC392-144F-4BB5-B275-8D7666D8808E}.Debug|Any CPU.Build.0 = Debug|Any CPU
		{2FCEC392-144F-4BB5-B275-8D7666D8808E}.Release|Any CPU.ActiveCfg = Release|Any CPU
		{2FCEC392-144F-4BB5-B275-8D7666D8808E}.Release|Any CPU.Build.0 = Release|Any CPU
		{61932561-8A21-4EBC-B828-2D32CD94AFD2}.Debug|Any CPU.ActiveCfg = Debug|Any CPU
		{61932561-8A21-4EBC-B828-2D32CD94AFD2}.Debug|Any CPU.Build.0 = Debug|Any CPU
		{61932561-8A21-4EBC-B828-2D32CD94AFD2}.Release|Any CPU.ActiveCfg = Release|Any CPU
		{61932561-8A21-4EBC-B828-2D32CD94AFD2}.Release|Any CPU.Build.0 = Release|Any CPU
	EndGlobalSection
	GlobalSection(SolutionProperties) = preSolution
		HideSolutionNode = FALSE
	EndGlobalSection
EndGlobal
